// !$*UTF8*$!
{
	archiveVersion = 1;
	classes = {
	};
	objectVersion = 50;
	objects = {

/* Begin PBXBuildFile section */
		7E044FB3A5385817AFEDA0DC /* Pods_CocoaPodsAppTests.framework in Frameworks */ = {isa = PBXBuildFile; fileRef = 0AF1A4A407DC6347708AC7D0 /* Pods_CocoaPodsAppTests.framework */; };
		B1226587199A36D08CED55E8 /* Pods_CocoaPodsApp.framework in Frameworks */ = {isa = PBXBuildFile; fileRef = E4B99F6A6D780573DCE36E1A /* Pods_CocoaPodsApp.framework */; };
		D422A6DFB3ABFF73BDFA20A3 /* Pods_CocoaPodsApp_CocoaPodsAppUITests.framework in Frameworks */ = {isa = PBXBuildFile; fileRef = 97291D0D6CA6E2DF7ED0DAE2 /* Pods_CocoaPodsApp_CocoaPodsAppUITests.framework */; };
		FB93056A25D4AF8D004B96A6 /* AppDelegate.swift in Sources */ = {isa = PBXBuildFile; fileRef = FB93056925D4AF8D004B96A6 /* AppDelegate.swift */; };
		FB93056C25D4AF8D004B96A6 /* SceneDelegate.swift in Sources */ = {isa = PBXBuildFile; fileRef = FB93056B25D4AF8D004B96A6 /* SceneDelegate.swift */; };
		FB93056E25D4AF8D004B96A6 /* ViewController.swift in Sources */ = {isa = PBXBuildFile; fileRef = FB93056D25D4AF8D004B96A6 /* ViewController.swift */; };
		FB93057125D4AF8D004B96A6 /* Main.storyboard in Resources */ = {isa = PBXBuildFile; fileRef = FB93056F25D4AF8D004B96A6 /* Main.storyboard */; };
		FB93057325D4AF8E004B96A6 /* Assets.xcassets in Resources */ = {isa = PBXBuildFile; fileRef = FB93057225D4AF8E004B96A6 /* Assets.xcassets */; };
		FB93057625D4AF8E004B96A6 /* LaunchScreen.storyboard in Resources */ = {isa = PBXBuildFile; fileRef = FB93057425D4AF8E004B96A6 /* LaunchScreen.storyboard */; };
		FB93058125D4AF8E004B96A6 /* CocoaPodsAppTests.swift in Sources */ = {isa = PBXBuildFile; fileRef = FB93058025D4AF8E004B96A6 /* CocoaPodsAppTests.swift */; };
		FB93058C25D4AF8E004B96A6 /* CocoaPodsAppUITests.swift in Sources */ = {isa = PBXBuildFile; fileRef = FB93058B25D4AF8E004B96A6 /* CocoaPodsAppUITests.swift */; };
/* End PBXBuildFile section */

/* Begin PBXContainerItemProxy section */
		FB93057D25D4AF8E004B96A6 /* PBXContainerItemProxy */ = {
			isa = PBXContainerItemProxy;
			containerPortal = FB93055E25D4AF8D004B96A6 /* Project object */;
			proxyType = 1;
			remoteGlobalIDString = FB93056525D4AF8D004B96A6;
			remoteInfo = CocoaPodsApp;
		};
		FB93058825D4AF8E004B96A6 /* PBXContainerItemProxy */ = {
			isa = PBXContainerItemProxy;
			containerPortal = FB93055E25D4AF8D004B96A6 /* Project object */;
			proxyType = 1;
			remoteGlobalIDString = FB93056525D4AF8D004B96A6;
			remoteInfo = CocoaPodsApp;
		};
/* End PBXContainerItemProxy section */

/* Begin PBXFileReference section */
		0AF1A4A407DC6347708AC7D0 /* Pods_CocoaPodsAppTests.framework */ = {isa = PBXFileReference; explicitFileType = wrapper.framework; includeInIndex = 0; path = Pods_CocoaPodsAppTests.framework; sourceTree = BUILT_PRODUCTS_DIR; };
		31803EBF2ECB2B0A386FE56A /* Pods-CocoaPodsApp-CocoaPodsAppUITests.debug.xcconfig */ = {isa = PBXFileReference; includeInIndex = 1; lastKnownFileType = text.xcconfig; name = "Pods-CocoaPodsApp-CocoaPodsAppUITests.debug.xcconfig"; path = "Target Support Files/Pods-CocoaPodsApp-CocoaPodsAppUITests/Pods-CocoaPodsApp-CocoaPodsAppUITests.debug.xcconfig"; sourceTree = "<group>"; };
		5829D5596930A68FEA554258 /* Pods-CocoaPodsApp-CocoaPodsAppUITests.release.xcconfig */ = {isa = PBXFileReference; includeInIndex = 1; lastKnownFileType = text.xcconfig; name = "Pods-CocoaPodsApp-CocoaPodsAppUITests.release.xcconfig"; path = "Target Support Files/Pods-CocoaPodsApp-CocoaPodsAppUITests/Pods-CocoaPodsApp-CocoaPodsAppUITests.release.xcconfig"; sourceTree = "<group>"; };
		97291D0D6CA6E2DF7ED0DAE2 /* Pods_CocoaPodsApp_CocoaPodsAppUITests.framework */ = {isa = PBXFileReference; explicitFileType = wrapper.framework; includeInIndex = 0; path = Pods_CocoaPodsApp_CocoaPodsAppUITests.framework; sourceTree = BUILT_PRODUCTS_DIR; };
		C9D5AC08DCBB9D3A39AB5D37 /* Pods-CocoaPodsApp.debug.xcconfig */ = {isa = PBXFileReference; includeInIndex = 1; lastKnownFileType = text.xcconfig; name = "Pods-CocoaPodsApp.debug.xcconfig"; path = "Target Support Files/Pods-CocoaPodsApp/Pods-CocoaPodsApp.debug.xcconfig"; sourceTree = "<group>"; };
		E0BF91A1661129324D8CD37B /* Pods-CocoaPodsApp.release.xcconfig */ = {isa = PBXFileReference; includeInIndex = 1; lastKnownFileType = text.xcconfig; name = "Pods-CocoaPodsApp.release.xcconfig"; path = "Target Support Files/Pods-CocoaPodsApp/Pods-CocoaPodsApp.release.xcconfig"; sourceTree = "<group>"; };
		E4B99F6A6D780573DCE36E1A /* Pods_CocoaPodsApp.framework */ = {isa = PBXFileReference; explicitFileType = wrapper.framework; includeInIndex = 0; path = Pods_CocoaPodsApp.framework; sourceTree = BUILT_PRODUCTS_DIR; };
		F29DD86214CDC59A8A1D1B05 /* Pods-CocoaPodsAppTests.debug.xcconfig */ = {isa = PBXFileReference; includeInIndex = 1; lastKnownFileType = text.xcconfig; name = "Pods-CocoaPodsAppTests.debug.xcconfig"; path = "Target Support Files/Pods-CocoaPodsAppTests/Pods-CocoaPodsAppTests.debug.xcconfig"; sourceTree = "<group>"; };
		F72BC5F157963CBA23DE2617 /* Pods-CocoaPodsAppTests.release.xcconfig */ = {isa = PBXFileReference; includeInIndex = 1; lastKnownFileType = text.xcconfig; name = "Pods-CocoaPodsAppTests.release.xcconfig"; path = "Target Support Files/Pods-CocoaPodsAppTests/Pods-CocoaPodsAppTests.release.xcconfig"; sourceTree = "<group>"; };
		FB93056625D4AF8D004B96A6 /* CocoaPodsApp.app */ = {isa = PBXFileReference; explicitFileType = wrapper.application; includeInIndex = 0; path = CocoaPodsApp.app; sourceTree = BUILT_PRODUCTS_DIR; };
		FB93056925D4AF8D004B96A6 /* AppDelegate.swift */ = {isa = PBXFileReference; lastKnownFileType = sourcecode.swift; path = AppDelegate.swift; sourceTree = "<group>"; };
		FB93056B25D4AF8D004B96A6 /* SceneDelegate.swift */ = {isa = PBXFileReference; lastKnownFileType = sourcecode.swift; path = SceneDelegate.swift; sourceTree = "<group>"; };
		FB93056D25D4AF8D004B96A6 /* ViewController.swift */ = {isa = PBXFileReference; lastKnownFileType = sourcecode.swift; path = ViewController.swift; sourceTree = "<group>"; };
		FB93057025D4AF8D004B96A6 /* Base */ = {isa = PBXFileReference; lastKnownFileType = file.storyboard; name = Base; path = Base.lproj/Main.storyboard; sourceTree = "<group>"; };
		FB93057225D4AF8E004B96A6 /* Assets.xcassets */ = {isa = PBXFileReference; lastKnownFileType = folder.assetcatalog; path = Assets.xcassets; sourceTree = "<group>"; };
		FB93057525D4AF8E004B96A6 /* Base */ = {isa = PBXFileReference; lastKnownFileType = file.storyboard; name = Base; path = Base.lproj/LaunchScreen.storyboard; sourceTree = "<group>"; };
		FB93057725D4AF8E004B96A6 /* Info.plist */ = {isa = PBXFileReference; lastKnownFileType = text.plist.xml; path = Info.plist; sourceTree = "<group>"; };
		FB93057C25D4AF8E004B96A6 /* CocoaPodsAppTests.xctest */ = {isa = PBXFileReference; explicitFileType = wrapper.cfbundle; includeInIndex = 0; path = CocoaPodsAppTests.xctest; sourceTree = BUILT_PRODUCTS_DIR; };
		FB93058025D4AF8E004B96A6 /* CocoaPodsAppTests.swift */ = {isa = PBXFileReference; lastKnownFileType = sourcecode.swift; path = CocoaPodsAppTests.swift; sourceTree = "<group>"; };
		FB93058225D4AF8E004B96A6 /* Info.plist */ = {isa = PBXFileReference; lastKnownFileType = text.plist.xml; path = Info.plist; sourceTree = "<group>"; };
		FB93058725D4AF8E004B96A6 /* CocoaPodsAppUITests.xctest */ = {isa = PBXFileReference; explicitFileType = wrapper.cfbundle; includeInIndex = 0; path = CocoaPodsAppUITests.xctest; sourceTree = BUILT_PRODUCTS_DIR; };
		FB93058B25D4AF8E004B96A6 /* CocoaPodsAppUITests.swift */ = {isa = PBXFileReference; lastKnownFileType = sourcecode.swift; path = CocoaPodsAppUITests.swift; sourceTree = "<group>"; };
		FB93058D25D4AF8E004B96A6 /* Info.plist */ = {isa = PBXFileReference; lastKnownFileType = text.plist.xml; path = Info.plist; sourceTree = "<group>"; };
/* End PBXFileReference section */

/* Begin PBXFrameworksBuildPhase section */
		FB93056325D4AF8D004B96A6 /* Frameworks */ = {
			isa = PBXFrameworksBuildPhase;
			buildActionMask = 2147483647;
			files = (
				B1226587199A36D08CED55E8 /* Pods_CocoaPodsApp.framework in Frameworks */,
			);
			runOnlyForDeploymentPostprocessing = 0;
		};
		FB93057925D4AF8E004B96A6 /* Frameworks */ = {
			isa = PBXFrameworksBuildPhase;
			buildActionMask = 2147483647;
			files = (
				7E044FB3A5385817AFEDA0DC /* Pods_CocoaPodsAppTests.framework in Frameworks */,
			);
			runOnlyForDeploymentPostprocessing = 0;
		};
		FB93058425D4AF8E004B96A6 /* Frameworks */ = {
			isa = PBXFrameworksBuildPhase;
			buildActionMask = 2147483647;
			files = (
				D422A6DFB3ABFF73BDFA20A3 /* Pods_CocoaPodsApp_CocoaPodsAppUITests.framework in Frameworks */,
			);
			runOnlyForDeploymentPostprocessing = 0;
		};
/* End PBXFrameworksBuildPhase section */

/* Begin PBXGroup section */
		0F2AF8F7FDCA2B521D7B97C7 /* Frameworks */ = {
			isa = PBXGroup;
			children = (
				E4B99F6A6D780573DCE36E1A /* Pods_CocoaPodsApp.framework */,
				97291D0D6CA6E2DF7ED0DAE2 /* Pods_CocoaPodsApp_CocoaPodsAppUITests.framework */,
				0AF1A4A407DC6347708AC7D0 /* Pods_CocoaPodsAppTests.framework */,
			);
			name = Frameworks;
			sourceTree = "<group>";
		};
		9AB1672F45644D9060B06FBF /* Pods */ = {
			isa = PBXGroup;
			children = (
				C9D5AC08DCBB9D3A39AB5D37 /* Pods-CocoaPodsApp.debug.xcconfig */,
				E0BF91A1661129324D8CD37B /* Pods-CocoaPodsApp.release.xcconfig */,
				31803EBF2ECB2B0A386FE56A /* Pods-CocoaPodsApp-CocoaPodsAppUITests.debug.xcconfig */,
				5829D5596930A68FEA554258 /* Pods-CocoaPodsApp-CocoaPodsAppUITests.release.xcconfig */,
				F29DD86214CDC59A8A1D1B05 /* Pods-CocoaPodsAppTests.debug.xcconfig */,
				F72BC5F157963CBA23DE2617 /* Pods-CocoaPodsAppTests.release.xcconfig */,
			);
			name = Pods;
			path = Pods;
			sourceTree = "<group>";
		};
		FB93055D25D4AF8D004B96A6 = {
			isa = PBXGroup;
			children = (
				FB93056825D4AF8D004B96A6 /* CocoaPodsApp */,
				FB93057F25D4AF8E004B96A6 /* CocoaPodsAppTests */,
				FB93058A25D4AF8E004B96A6 /* CocoaPodsAppUITests */,
				FB93056725D4AF8D004B96A6 /* Products */,
				9AB1672F45644D9060B06FBF /* Pods */,
				0F2AF8F7FDCA2B521D7B97C7 /* Frameworks */,
			);
			sourceTree = "<group>";
		};
		FB93056725D4AF8D004B96A6 /* Products */ = {
			isa = PBXGroup;
			children = (
				FB93056625D4AF8D004B96A6 /* CocoaPodsApp.app */,
				FB93057C25D4AF8E004B96A6 /* CocoaPodsAppTests.xctest */,
				FB93058725D4AF8E004B96A6 /* CocoaPodsAppUITests.xctest */,
			);
			name = Products;
			sourceTree = "<group>";
		};
		FB93056825D4AF8D004B96A6 /* CocoaPodsApp */ = {
			isa = PBXGroup;
			children = (
				FB93056925D4AF8D004B96A6 /* AppDelegate.swift */,
				FB93056B25D4AF8D004B96A6 /* SceneDelegate.swift */,
				FB93056D25D4AF8D004B96A6 /* ViewController.swift */,
				FB93056F25D4AF8D004B96A6 /* Main.storyboard */,
				FB93057225D4AF8E004B96A6 /* Assets.xcassets */,
				FB93057425D4AF8E004B96A6 /* LaunchScreen.storyboard */,
				FB93057725D4AF8E004B96A6 /* Info.plist */,
			);
			path = CocoaPodsApp;
			sourceTree = "<group>";
		};
		FB93057F25D4AF8E004B96A6 /* CocoaPodsAppTests */ = {
			isa = PBXGroup;
			children = (
				FB93058025D4AF8E004B96A6 /* CocoaPodsAppTests.swift */,
				FB93058225D4AF8E004B96A6 /* Info.plist */,
			);
			path = CocoaPodsAppTests;
			sourceTree = "<group>";
		};
		FB93058A25D4AF8E004B96A6 /* CocoaPodsAppUITests */ = {
			isa = PBXGroup;
			children = (
				FB93058B25D4AF8E004B96A6 /* CocoaPodsAppUITests.swift */,
				FB93058D25D4AF8E004B96A6 /* Info.plist */,
			);
			path = CocoaPodsAppUITests;
			sourceTree = "<group>";
		};
/* End PBXGroup section */

/* Begin PBXNativeTarget section */
		FB93056525D4AF8D004B96A6 /* CocoaPodsApp */ = {
			isa = PBXNativeTarget;
			buildConfigurationList = FB93059025D4AF8E004B96A6 /* Build configuration list for PBXNativeTarget "CocoaPodsApp" */;
			buildPhases = (
				257CE9636F56E4FA8A3084AD /* [CP] Check Pods Manifest.lock */,
				FB93056225D4AF8D004B96A6 /* Sources */,
				FB93056325D4AF8D004B96A6 /* Frameworks */,
				FB93056425D4AF8D004B96A6 /* Resources */,
				8166AF3761AF106066D8CDE8 /* [CP] Embed Pods Frameworks */,
			);
			buildRules = (
			);
			dependencies = (
			);
			name = CocoaPodsApp;
			productName = CocoaPodsApp;
			productReference = FB93056625D4AF8D004B96A6 /* CocoaPodsApp.app */;
			productType = "com.apple.product-type.application";
		};
		FB93057B25D4AF8E004B96A6 /* CocoaPodsAppTests */ = {
			isa = PBXNativeTarget;
			buildConfigurationList = FB93059325D4AF8E004B96A6 /* Build configuration list for PBXNativeTarget "CocoaPodsAppTests" */;
			buildPhases = (
				FF77A299A30FFA107F81C0E0 /* [CP] Check Pods Manifest.lock */,
				FB93057825D4AF8E004B96A6 /* Sources */,
				FB93057925D4AF8E004B96A6 /* Frameworks */,
				FB93057A25D4AF8E004B96A6 /* Resources */,
			);
			buildRules = (
			);
			dependencies = (
				FB93057E25D4AF8E004B96A6 /* PBXTargetDependency */,
			);
			name = CocoaPodsAppTests;
			productName = CocoaPodsAppTests;
			productReference = FB93057C25D4AF8E004B96A6 /* CocoaPodsAppTests.xctest */;
			productType = "com.apple.product-type.bundle.unit-test";
		};
		FB93058625D4AF8E004B96A6 /* CocoaPodsAppUITests */ = {
			isa = PBXNativeTarget;
			buildConfigurationList = FB93059625D4AF8E004B96A6 /* Build configuration list for PBXNativeTarget "CocoaPodsAppUITests" */;
			buildPhases = (
				B23B7C6C0065BAEDB56AE5D8 /* [CP] Check Pods Manifest.lock */,
				FB93058325D4AF8E004B96A6 /* Sources */,
				FB93058425D4AF8E004B96A6 /* Frameworks */,
				FB93058525D4AF8E004B96A6 /* Resources */,
				92F213C368978567A0056CFF /* [CP] Embed Pods Frameworks */,
			);
			buildRules = (
			);
			dependencies = (
				FB93058925D4AF8E004B96A6 /* PBXTargetDependency */,
			);
			name = CocoaPodsAppUITests;
			productName = CocoaPodsAppUITests;
			productReference = FB93058725D4AF8E004B96A6 /* CocoaPodsAppUITests.xctest */;
			productType = "com.apple.product-type.bundle.ui-testing";
		};
/* End PBXNativeTarget section */

/* Begin PBXProject section */
		FB93055E25D4AF8D004B96A6 /* Project object */ = {
			isa = PBXProject;
			attributes = {
				LastSwiftUpdateCheck = 1240;
				LastUpgradeCheck = 1240;
				TargetAttributes = {
					FB93056525D4AF8D004B96A6 = {
						CreatedOnToolsVersion = 12.4;
					};
					FB93057B25D4AF8E004B96A6 = {
						CreatedOnToolsVersion = 12.4;
						TestTargetID = FB93056525D4AF8D004B96A6;
					};
					FB93058625D4AF8E004B96A6 = {
						CreatedOnToolsVersion = 12.4;
						TestTargetID = FB93056525D4AF8D004B96A6;
					};
				};
			};
			buildConfigurationList = FB93056125D4AF8D004B96A6 /* Build configuration list for PBXProject "CocoaPodsApp" */;
			compatibilityVersion = "Xcode 9.3";
			developmentRegion = en;
			hasScannedForEncodings = 0;
			knownRegions = (
				en,
				Base,
			);
			mainGroup = FB93055D25D4AF8D004B96A6;
			productRefGroup = FB93056725D4AF8D004B96A6 /* Products */;
			projectDirPath = "";
			projectRoot = "";
			targets = (
				FB93056525D4AF8D004B96A6 /* CocoaPodsApp */,
				FB93057B25D4AF8E004B96A6 /* CocoaPodsAppTests */,
				FB93058625D4AF8E004B96A6 /* CocoaPodsAppUITests */,
			);
		};
/* End PBXProject section */

/* Begin PBXResourcesBuildPhase section */
		FB93056425D4AF8D004B96A6 /* Resources */ = {
			isa = PBXResourcesBuildPhase;
			buildActionMask = 2147483647;
			files = (
				FB93057625D4AF8E004B96A6 /* LaunchScreen.storyboard in Resources */,
				FB93057325D4AF8E004B96A6 /* Assets.xcassets in Resources */,
				FB93057125D4AF8D004B96A6 /* Main.storyboard in Resources */,
			);
			runOnlyForDeploymentPostprocessing = 0;
		};
		FB93057A25D4AF8E004B96A6 /* Resources */ = {
			isa = PBXResourcesBuildPhase;
			buildActionMask = 2147483647;
			files = (
			);
			runOnlyForDeploymentPostprocessing = 0;
		};
		FB93058525D4AF8E004B96A6 /* Resources */ = {
			isa = PBXResourcesBuildPhase;
			buildActionMask = 2147483647;
			files = (
			);
			runOnlyForDeploymentPostprocessing = 0;
		};
/* End PBXResourcesBuildPhase section */

/* Begin PBXShellScriptBuildPhase section */
		257CE9636F56E4FA8A3084AD /* [CP] Check Pods Manifest.lock */ = {
			isa = PBXShellScriptBuildPhase;
			buildActionMask = 2147483647;
			files = (
			);
			inputFileListPaths = (
			);
			inputPaths = (
				"${PODS_PODFILE_DIR_PATH}/Podfile.lock",
				"${PODS_ROOT}/Manifest.lock",
			);
			name = "[CP] Check Pods Manifest.lock";
			outputFileListPaths = (
			);
			outputPaths = (
				"$(DERIVED_FILE_DIR)/Pods-CocoaPodsApp-checkManifestLockResult.txt",
			);
			runOnlyForDeploymentPostprocessing = 0;
			shellPath = /bin/sh;
			shellScript = "diff \"${PODS_PODFILE_DIR_PATH}/Podfile.lock\" \"${PODS_ROOT}/Manifest.lock\" > /dev/null\nif [ $? != 0 ] ; then\n    # print error to STDERR\n    echo \"error: The sandbox is not in sync with the Podfile.lock. Run 'pod install' or update your CocoaPods installation.\" >&2\n    exit 1\nfi\n# This output is used by Xcode 'outputs' to avoid re-running this script phase.\necho \"SUCCESS\" > \"${SCRIPT_OUTPUT_FILE_0}\"\n";
			showEnvVarsInLog = 0;
		};
		8166AF3761AF106066D8CDE8 /* [CP] Embed Pods Frameworks */ = {
			isa = PBXShellScriptBuildPhase;
			buildActionMask = 2147483647;
			files = (
			);
			inputFileListPaths = (
				"${PODS_ROOT}/Target Support Files/Pods-CocoaPodsApp/Pods-CocoaPodsApp-frameworks-${CONFIGURATION}-input-files.xcfilelist",
			);
			name = "[CP] Embed Pods Frameworks";
			outputFileListPaths = (
				"${PODS_ROOT}/Target Support Files/Pods-CocoaPodsApp/Pods-CocoaPodsApp-frameworks-${CONFIGURATION}-output-files.xcfilelist",
			);
			runOnlyForDeploymentPostprocessing = 0;
			shellPath = /bin/sh;
			shellScript = "\"${PODS_ROOT}/Target Support Files/Pods-CocoaPodsApp/Pods-CocoaPodsApp-frameworks.sh\"\n";
			showEnvVarsInLog = 0;
		};
		92F213C368978567A0056CFF /* [CP] Embed Pods Frameworks */ = {
			isa = PBXShellScriptBuildPhase;
			buildActionMask = 2147483647;
			files = (
			);
			inputFileListPaths = (
				"${PODS_ROOT}/Target Support Files/Pods-CocoaPodsApp-CocoaPodsAppUITests/Pods-CocoaPodsApp-CocoaPodsAppUITests-frameworks-${CONFIGURATION}-input-files.xcfilelist",
			);
			name = "[CP] Embed Pods Frameworks";
			outputFileListPaths = (
				"${PODS_ROOT}/Target Support Files/Pods-CocoaPodsApp-CocoaPodsAppUITests/Pods-CocoaPodsApp-CocoaPodsAppUITests-frameworks-${CONFIGURATION}-output-files.xcfilelist",
			);
			runOnlyForDeploymentPostprocessing = 0;
			shellPath = /bin/sh;
			shellScript = "\"${PODS_ROOT}/Target Support Files/Pods-CocoaPodsApp-CocoaPodsAppUITests/Pods-CocoaPodsApp-CocoaPodsAppUITests-frameworks.sh\"\n";
			showEnvVarsInLog = 0;
		};
		B23B7C6C0065BAEDB56AE5D8 /* [CP] Check Pods Manifest.lock */ = {
			isa = PBXShellScriptBuildPhase;
			buildActionMask = 2147483647;
			files = (
			);
			inputFileListPaths = (
			);
			inputPaths = (
				"${PODS_PODFILE_DIR_PATH}/Podfile.lock",
				"${PODS_ROOT}/Manifest.lock",
			);
			name = "[CP] Check Pods Manifest.lock";
			outputFileListPaths = (
			);
			outputPaths = (
				"$(DERIVED_FILE_DIR)/Pods-CocoaPodsApp-CocoaPodsAppUITests-checkManifestLockResult.txt",
			);
			runOnlyForDeploymentPostprocessing = 0;
			shellPath = /bin/sh;
			shellScript = "diff \"${PODS_PODFILE_DIR_PATH}/Podfile.lock\" \"${PODS_ROOT}/Manifest.lock\" > /dev/null\nif [ $? != 0 ] ; then\n    # print error to STDERR\n    echo \"error: The sandbox is not in sync with the Podfile.lock. Run 'pod install' or update your CocoaPods installation.\" >&2\n    exit 1\nfi\n# This output is used by Xcode 'outputs' to avoid re-running this script phase.\necho \"SUCCESS\" > \"${SCRIPT_OUTPUT_FILE_0}\"\n";
			showEnvVarsInLog = 0;
		};
		FF77A299A30FFA107F81C0E0 /* [CP] Check Pods Manifest.lock */ = {
			isa = PBXShellScriptBuildPhase;
			buildActionMask = 2147483647;
			files = (
			);
			inputFileListPaths = (
			);
			inputPaths = (
				"${PODS_PODFILE_DIR_PATH}/Podfile.lock",
				"${PODS_ROOT}/Manifest.lock",
			);
			name = "[CP] Check Pods Manifest.lock";
			outputFileListPaths = (
			);
			outputPaths = (
				"$(DERIVED_FILE_DIR)/Pods-CocoaPodsAppTests-checkManifestLockResult.txt",
			);
			runOnlyForDeploymentPostprocessing = 0;
			shellPath = /bin/sh;
			shellScript = "diff \"${PODS_PODFILE_DIR_PATH}/Podfile.lock\" \"${PODS_ROOT}/Manifest.lock\" > /dev/null\nif [ $? != 0 ] ; then\n    # print error to STDERR\n    echo \"error: The sandbox is not in sync with the Podfile.lock. Run 'pod install' or update your CocoaPods installation.\" >&2\n    exit 1\nfi\n# This output is used by Xcode 'outputs' to avoid re-running this script phase.\necho \"SUCCESS\" > \"${SCRIPT_OUTPUT_FILE_0}\"\n";
			showEnvVarsInLog = 0;
		};
/* End PBXShellScriptBuildPhase section */

/* Begin PBXSourcesBuildPhase section */
		FB93056225D4AF8D004B96A6 /* Sources */ = {
			isa = PBXSourcesBuildPhase;
			buildActionMask = 2147483647;
			files = (
				FB93056E25D4AF8D004B96A6 /* ViewController.swift in Sources */,
				FB93056A25D4AF8D004B96A6 /* AppDelegate.swift in Sources */,
				FB93056C25D4AF8D004B96A6 /* SceneDelegate.swift in Sources */,
			);
			runOnlyForDeploymentPostprocessing = 0;
		};
		FB93057825D4AF8E004B96A6 /* Sources */ = {
			isa = PBXSourcesBuildPhase;
			buildActionMask = 2147483647;
			files = (
				FB93058125D4AF8E004B96A6 /* CocoaPodsAppTests.swift in Sources */,
			);
			runOnlyForDeploymentPostprocessing = 0;
		};
		FB93058325D4AF8E004B96A6 /* Sources */ = {
			isa = PBXSourcesBuildPhase;
			buildActionMask = 2147483647;
			files = (
				FB93058C25D4AF8E004B96A6 /* CocoaPodsAppUITests.swift in Sources */,
			);
			runOnlyForDeploymentPostprocessing = 0;
		};
/* End PBXSourcesBuildPhase section */

/* Begin PBXTargetDependency section */
		FB93057E25D4AF8E004B96A6 /* PBXTargetDependency */ = {
			isa = PBXTargetDependency;
			target = FB93056525D4AF8D004B96A6 /* CocoaPodsApp */;
			targetProxy = FB93057D25D4AF8E004B96A6 /* PBXContainerItemProxy */;
		};
		FB93058925D4AF8E004B96A6 /* PBXTargetDependency */ = {
			isa = PBXTargetDependency;
			target = FB93056525D4AF8D004B96A6 /* CocoaPodsApp */;
			targetProxy = FB93058825D4AF8E004B96A6 /* PBXContainerItemProxy */;
		};
/* End PBXTargetDependency section */

/* Begin PBXVariantGroup section */
		FB93056F25D4AF8D004B96A6 /* Main.storyboard */ = {
			isa = PBXVariantGroup;
			children = (
				FB93057025D4AF8D004B96A6 /* Base */,
			);
			name = Main.storyboard;
			sourceTree = "<group>";
		};
		FB93057425D4AF8E004B96A6 /* LaunchScreen.storyboard */ = {
			isa = PBXVariantGroup;
			children = (
				FB93057525D4AF8E004B96A6 /* Base */,
			);
			name = LaunchScreen.storyboard;
			sourceTree = "<group>";
		};
/* End PBXVariantGroup section */

/* Begin XCBuildConfiguration section */
		FB93058E25D4AF8E004B96A6 /* Debug */ = {
			isa = XCBuildConfiguration;
			buildSettings = {
				ALWAYS_SEARCH_USER_PATHS = NO;
				CLANG_ANALYZER_NONNULL = YES;
				CLANG_ANALYZER_NUMBER_OBJECT_CONVERSION = YES_AGGRESSIVE;
				CLANG_CXX_LANGUAGE_STANDARD = "gnu++14";
				CLANG_CXX_LIBRARY = "libc++";
				CLANG_ENABLE_MODULES = YES;
				CLANG_ENABLE_OBJC_ARC = YES;
				CLANG_ENABLE_OBJC_WEAK = YES;
				CLANG_WARN_BLOCK_CAPTURE_AUTORELEASING = YES;
				CLANG_WARN_BOOL_CONVERSION = YES;
				CLANG_WARN_COMMA = YES;
				CLANG_WARN_CONSTANT_CONVERSION = YES;
				CLANG_WARN_DEPRECATED_OBJC_IMPLEMENTATIONS = YES;
				CLANG_WARN_DIRECT_OBJC_ISA_USAGE = YES_ERROR;
				CLANG_WARN_DOCUMENTATION_COMMENTS = YES;
				CLANG_WARN_EMPTY_BODY = YES;
				CLANG_WARN_ENUM_CONVERSION = YES;
				CLANG_WARN_INFINITE_RECURSION = YES;
				CLANG_WARN_INT_CONVERSION = YES;
				CLANG_WARN_NON_LITERAL_NULL_CONVERSION = YES;
				CLANG_WARN_OBJC_IMPLICIT_RETAIN_SELF = YES;
				CLANG_WARN_OBJC_LITERAL_CONVERSION = YES;
				CLANG_WARN_OBJC_ROOT_CLASS = YES_ERROR;
				CLANG_WARN_QUOTED_INCLUDE_IN_FRAMEWORK_HEADER = YES;
				CLANG_WARN_RANGE_LOOP_ANALYSIS = YES;
				CLANG_WARN_STRICT_PROTOTYPES = YES;
				CLANG_WARN_SUSPICIOUS_MOVE = YES;
				CLANG_WARN_UNGUARDED_AVAILABILITY = YES_AGGRESSIVE;
				CLANG_WARN_UNREACHABLE_CODE = YES;
				CLANG_WARN__DUPLICATE_METHOD_MATCH = YES;
				COPY_PHASE_STRIP = NO;
				DEBUG_INFORMATION_FORMAT = dwarf;
				ENABLE_STRICT_OBJC_MSGSEND = YES;
				ENABLE_TESTABILITY = YES;
				GCC_C_LANGUAGE_STANDARD = gnu11;
				GCC_DYNAMIC_NO_PIC = NO;
				GCC_NO_COMMON_BLOCKS = YES;
				GCC_OPTIMIZATION_LEVEL = 0;
				GCC_PREPROCESSOR_DEFINITIONS = (
					"DEBUG=1",
					"$(inherited)",
				);
				GCC_WARN_64_TO_32_BIT_CONVERSION = YES;
				GCC_WARN_ABOUT_RETURN_TYPE = YES_ERROR;
				GCC_WARN_UNDECLARED_SELECTOR = YES;
				GCC_WARN_UNINITIALIZED_AUTOS = YES_AGGRESSIVE;
				GCC_WARN_UNUSED_FUNCTION = YES;
				GCC_WARN_UNUSED_VARIABLE = YES;
				IPHONEOS_DEPLOYMENT_TARGET = 14.4;
				MTL_ENABLE_DEBUG_INFO = INCLUDE_SOURCE;
				MTL_FAST_MATH = YES;
				ONLY_ACTIVE_ARCH = YES;
				SDKROOT = iphoneos;
				SWIFT_ACTIVE_COMPILATION_CONDITIONS = DEBUG;
				SWIFT_OPTIMIZATION_LEVEL = "-Onone";
			};
			name = Debug;
		};
		FB93058F25D4AF8E004B96A6 /* Release */ = {
			isa = XCBuildConfiguration;
			buildSettings = {
				ALWAYS_SEARCH_USER_PATHS = NO;
				CLANG_ANALYZER_NONNULL = YES;
				CLANG_ANALYZER_NUMBER_OBJECT_CONVERSION = YES_AGGRESSIVE;
				CLANG_CXX_LANGUAGE_STANDARD = "gnu++14";
				CLANG_CXX_LIBRARY = "libc++";
				CLANG_ENABLE_MODULES = YES;
				CLANG_ENABLE_OBJC_ARC = YES;
				CLANG_ENABLE_OBJC_WEAK = YES;
				CLANG_WARN_BLOCK_CAPTURE_AUTORELEASING = YES;
				CLANG_WARN_BOOL_CONVERSION = YES;
				CLANG_WARN_COMMA = YES;
				CLANG_WARN_CONSTANT_CONVERSION = YES;
				CLANG_WARN_DEPRECATED_OBJC_IMPLEMENTATIONS = YES;
				CLANG_WARN_DIRECT_OBJC_ISA_USAGE = YES_ERROR;
				CLANG_WARN_DOCUMENTATION_COMMENTS = YES;
				CLANG_WARN_EMPTY_BODY = YES;
				CLANG_WARN_ENUM_CONVERSION = YES;
				CLANG_WARN_INFINITE_RECURSION = YES;
				CLANG_WARN_INT_CONVERSION = YES;
				CLANG_WARN_NON_LITERAL_NULL_CONVERSION = YES;
				CLANG_WARN_OBJC_IMPLICIT_RETAIN_SELF = YES;
				CLANG_WARN_OBJC_LITERAL_CONVERSION = YES;
				CLANG_WARN_OBJC_ROOT_CLASS = YES_ERROR;
				CLANG_WARN_QUOTED_INCLUDE_IN_FRAMEWORK_HEADER = YES;
				CLANG_WARN_RANGE_LOOP_ANALYSIS = YES;
				CLANG_WARN_STRICT_PROTOTYPES = YES;
				CLANG_WARN_SUSPICIOUS_MOVE = YES;
				CLANG_WARN_UNGUARDED_AVAILABILITY = YES_AGGRESSIVE;
				CLANG_WARN_UNREACHABLE_CODE = YES;
				CLANG_WARN__DUPLICATE_METHOD_MATCH = YES;
				COPY_PHASE_STRIP = NO;
				DEBUG_INFORMATION_FORMAT = "dwarf-with-dsym";
				ENABLE_NS_ASSERTIONS = NO;
				ENABLE_STRICT_OBJC_MSGSEND = YES;
				GCC_C_LANGUAGE_STANDARD = gnu11;
				GCC_NO_COMMON_BLOCKS = YES;
				GCC_WARN_64_TO_32_BIT_CONVERSION = YES;
				GCC_WARN_ABOUT_RETURN_TYPE = YES_ERROR;
				GCC_WARN_UNDECLARED_SELECTOR = YES;
				GCC_WARN_UNINITIALIZED_AUTOS = YES_AGGRESSIVE;
				GCC_WARN_UNUSED_FUNCTION = YES;
				GCC_WARN_UNUSED_VARIABLE = YES;
				IPHONEOS_DEPLOYMENT_TARGET = 14.4;
				MTL_ENABLE_DEBUG_INFO = NO;
				MTL_FAST_MATH = YES;
				SDKROOT = iphoneos;
				SWIFT_COMPILATION_MODE = wholemodule;
				SWIFT_OPTIMIZATION_LEVEL = "-O";
				VALIDATE_PRODUCT = YES;
			};
			name = Release;
		};
		FB93059125D4AF8E004B96A6 /* Debug */ = {
			isa = XCBuildConfiguration;
			baseConfigurationReference = C9D5AC08DCBB9D3A39AB5D37 /* Pods-CocoaPodsApp.debug.xcconfig */;
			buildSettings = {
				ASSETCATALOG_COMPILER_APPICON_NAME = AppIcon;
				ASSETCATALOG_COMPILER_GLOBAL_ACCENT_COLOR_NAME = AccentColor;
				CODE_SIGN_STYLE = Automatic;
				INFOPLIST_FILE = CocoaPodsApp/Info.plist;
				LD_RUNPATH_SEARCH_PATHS = (
					"$(inherited)",
					"@executable_path/Frameworks",
				);
				PRODUCT_BUNDLE_IDENTIFIER = app.ito.ayu.CocoaPodsApp;
				PRODUCT_NAME = "$(TARGET_NAME)";
				SWIFT_VERSION = 5.0;
				TARGETED_DEVICE_FAMILY = "1,2";
			};
			name = Debug;
		};
		FB93059225D4AF8E004B96A6 /* Release */ = {
			isa = XCBuildConfiguration;
			baseConfigurationReference = E0BF91A1661129324D8CD37B /* Pods-CocoaPodsApp.release.xcconfig */;
			buildSettings = {
				ASSETCATALOG_COMPILER_APPICON_NAME = AppIcon;
				ASSETCATALOG_COMPILER_GLOBAL_ACCENT_COLOR_NAME = AccentColor;
				CODE_SIGN_STYLE = Automatic;
				INFOPLIST_FILE = CocoaPodsApp/Info.plist;
				LD_RUNPATH_SEARCH_PATHS = (
					"$(inherited)",
					"@executable_path/Frameworks",
				);
				PRODUCT_BUNDLE_IDENTIFIER = app.ito.ayu.CocoaPodsApp;
				PRODUCT_NAME = "$(TARGET_NAME)";
				SWIFT_VERSION = 5.0;
				TARGETED_DEVICE_FAMILY = "1,2";
			};
			name = Release;
		};
		FB93059425D4AF8E004B96A6 /* Debug */ = {
			isa = XCBuildConfiguration;
			baseConfigurationReference = F29DD86214CDC59A8A1D1B05 /* Pods-CocoaPodsAppTests.debug.xcconfig */;
			buildSettings = {
				ALWAYS_EMBED_SWIFT_STANDARD_LIBRARIES = YES;
				BUNDLE_LOADER = "$(TEST_HOST)";
				CODE_SIGN_STYLE = Automatic;
				INFOPLIST_FILE = CocoaPodsAppTests/Info.plist;
				IPHONEOS_DEPLOYMENT_TARGET = 14.4;
				LD_RUNPATH_SEARCH_PATHS = (
					"$(inherited)",
					"@executable_path/Frameworks",
					"@loader_path/Frameworks",
				);
				PRODUCT_BUNDLE_IDENTIFIER = app.ito.ayu.CocoaPodsAppTests;
				PRODUCT_NAME = "$(TARGET_NAME)";
				SWIFT_VERSION = 5.0;
				TARGETED_DEVICE_FAMILY = "1,2";
				TEST_HOST = "$(BUILT_PRODUCTS_DIR)/CocoaPodsApp.app/CocoaPodsApp";
			};
			name = Debug;
		};
		FB93059525D4AF8E004B96A6 /* Release */ = {
			isa = XCBuildConfiguration;
			baseConfigurationReference = F72BC5F157963CBA23DE2617 /* Pods-CocoaPodsAppTests.release.xcconfig */;
			buildSettings = {
				ALWAYS_EMBED_SWIFT_STANDARD_LIBRARIES = YES;
				BUNDLE_LOADER = "$(TEST_HOST)";
				CODE_SIGN_STYLE = Automatic;
				INFOPLIST_FILE = CocoaPodsAppTests/Info.plist;
				IPHONEOS_DEPLOYMENT_TARGET = 14.4;
				LD_RUNPATH_SEARCH_PATHS = (
					"$(inherited)",
					"@executable_path/Frameworks",
					"@loader_path/Frameworks",
				);
				PRODUCT_BUNDLE_IDENTIFIER = app.ito.ayu.CocoaPodsAppTests;
				PRODUCT_NAME = "$(TARGET_NAME)";
				SWIFT_VERSION = 5.0;
				TARGETED_DEVICE_FAMILY = "1,2";
				TEST_HOST = "$(BUILT_PRODUCTS_DIR)/CocoaPodsApp.app/CocoaPodsApp";
			};
			name = Release;
		};
		FB93059725D4AF8E004B96A6 /* Debug */ = {
			isa = XCBuildConfiguration;
			baseConfigurationReference = 31803EBF2ECB2B0A386FE56A /* Pods-CocoaPodsApp-CocoaPodsAppUITests.debug.xcconfig */;
			buildSettings = {
				ALWAYS_EMBED_SWIFT_STANDARD_LIBRARIES = YES;
				CODE_SIGN_STYLE = Automatic;
				INFOPLIST_FILE = CocoaPodsAppUITests/Info.plist;
				LD_RUNPATH_SEARCH_PATHS = (
					"$(inherited)",
					"@executable_path/Frameworks",
					"@loader_path/Frameworks",
				);
				PRODUCT_BUNDLE_IDENTIFIER = app.ito.ayu.CocoaPodsAppUITests;
				PRODUCT_NAME = "$(TARGET_NAME)";
				SWIFT_VERSION = 5.0;
				TARGETED_DEVICE_FAMILY = "1,2";
				TEST_TARGET_NAME = CocoaPodsApp;
			};
			name = Debug;
		};
		FB93059825D4AF8E004B96A6 /* Release */ = {
			isa = XCBuildConfiguration;
			baseConfigurationReference = 5829D5596930A68FEA554258 /* Pods-CocoaPodsApp-CocoaPodsAppUITests.release.xcconfig */;
			buildSettings = {
				ALWAYS_EMBED_SWIFT_STANDARD_LIBRARIES = YES;
				CODE_SIGN_STYLE = Automatic;
				INFOPLIST_FILE = CocoaPodsAppUITests/Info.plist;
				LD_RUNPATH_SEARCH_PATHS = (
					"$(inherited)",
					"@executable_path/Frameworks",
					"@loader_path/Frameworks",
				);
				PRODUCT_BUNDLE_IDENTIFIER = app.ito.ayu.CocoaPodsAppUITests;
				PRODUCT_NAME = "$(TARGET_NAME)";
				SWIFT_VERSION = 5.0;
				TARGETED_DEVICE_FAMILY = "1,2";
				TEST_TARGET_NAME = CocoaPodsApp;
			};
			name = Release;
		};
/* End XCBuildConfiguration section */

/* Begin XCConfigurationList section */
		FB93056125D4AF8D004B96A6 /* Build configuration list for PBXProject "CocoaPodsApp" */ = {
			isa = XCConfigurationList;
			buildConfigurations = (
				FB93058E25D4AF8E004B96A6 /* Debug */,
				FB93058F25D4AF8E004B96A6 /* Release */,
			);
			defaultConfigurationIsVisible = 0;
			defaultConfigurationName = Release;
		};
		FB93059025D4AF8E004B96A6 /* Build configuration list for PBXNativeTarget "CocoaPodsApp" */ = {
			isa = XCConfigurationList;
			buildConfigurations = (
				FB93059125D4AF8E004B96A6 /* Debug */,
				FB93059225D4AF8E004B96A6 /* Release */,
			);
			defaultConfigurationIsVisible = 0;
			defaultConfigurationName = Release;
		};
		FB93059325D4AF8E004B96A6 /* Build configuration list for PBXNativeTarget "CocoaPodsAppTests" */ = {
			isa = XCConfigurationList;
			buildConfigurations = (
				FB93059425D4AF8E004B96A6 /* Debug */,
				FB93059525D4AF8E004B96A6 /* Release */,
			);
			defaultConfigurationIsVisible = 0;
			defaultConfigurationName = Release;
		};
		FB93059625D4AF8E004B96A6 /* Build configuration list for PBXNativeTarget "CocoaPodsAppUITests" */ = {
			isa = XCConfigurationList;
			buildConfigurations = (
				FB93059725D4AF8E004B96A6 /* Debug */,
				FB93059825D4AF8E004B96A6 /* Release */,
			);
			defaultConfigurationIsVisible = 0;
			defaultConfigurationName = Release;
		};
/* End XCConfigurationList section */
	};
	rootObject = FB93055E25D4AF8D004B96A6 /* Project object */;
}
